// !$*UTF8*$!
{
	archiveVersion = 1;
	classes = {
	};
	objectVersion = 46;
	objects = {

/* Begin PBXBuildFile section */
		60C125A415EE11D2000F9CAB /* UIKit.framework in Frameworks */ = {isa = PBXBuildFile; fileRef = 60C125A315EE11D2000F9CAB /* UIKit.framework */; };
		60C125A615EE11D2000F9CAB /* Foundation.framework in Frameworks */ = {isa = PBXBuildFile; fileRef = 60C125A515EE11D2000F9CAB /* Foundation.framework */; };
		60C125A815EE11D2000F9CAB /* CoreGraphics.framework in Frameworks */ = {isa = PBXBuildFile; fileRef = 60C125A715EE11D2000F9CAB /* CoreGraphics.framework */; };
		60C125AE15EE11D2000F9CAB /* InfoPlist.strings in Resources */ = {isa = PBXBuildFile; fileRef = 60C125AC15EE11D2000F9CAB /* InfoPlist.strings */; };
		60C125B015EE11D2000F9CAB /* main.m in Sources */ = {isa = PBXBuildFile; fileRef = 60C125AF15EE11D2000F9CAB /* main.m */; };
		60C125B415EE11D2000F9CAB /* GRFXAppDelegate.m in Sources */ = {isa = PBXBuildFile; fileRef = 60C125B315EE11D2000F9CAB /* GRFXAppDelegate.m */; };
		60C125B715EE11D2000F9CAB /* MainStoryboard.storyboard in Resources */ = {isa = PBXBuildFile; fileRef = 60C125B515EE11D2000F9CAB /* MainStoryboard.storyboard */; };
		60C125BA15EE11D2000F9CAB /* GRFXViewController.m in Sources */ = {isa = PBXBuildFile; fileRef = 60C125B915EE11D2000F9CAB /* GRFXViewController.m */; };
		60C125C215EE11D2000F9CAB /* SenTestingKit.framework in Frameworks */ = {isa = PBXBuildFile; fileRef = 60C125C115EE11D2000F9CAB /* SenTestingKit.framework */; };
		60C125C315EE11D2000F9CAB /* UIKit.framework in Frameworks */ = {isa = PBXBuildFile; fileRef = 60C125A315EE11D2000F9CAB /* UIKit.framework */; };
		60C125C415EE11D2000F9CAB /* Foundation.framework in Frameworks */ = {isa = PBXBuildFile; fileRef = 60C125A515EE11D2000F9CAB /* Foundation.framework */; };
		60C125CC15EE11D2000F9CAB /* InfoPlist.strings in Resources */ = {isa = PBXBuildFile; fileRef = 60C125CA15EE11D2000F9CAB /* InfoPlist.strings */; };
		60C125CF15EE11D2000F9CAB /* FixMyStreetTests.m in Sources */ = {isa = PBXBuildFile; fileRef = 60C125CE15EE11D2000F9CAB /* FixMyStreetTests.m */; };
/* End PBXBuildFile section */

/* Begin PBXContainerItemProxy section */
		60C125C515EE11D2000F9CAB /* PBXContainerItemProxy */ = {
			isa = PBXContainerItemProxy;
			containerPortal = 60C1259615EE11D2000F9CAB /* Project object */;
			proxyType = 1;
			remoteGlobalIDString = 60C1259E15EE11D2000F9CAB;
			remoteInfo = FixMyStreet;
		};
/* End PBXContainerItemProxy section */

/* Begin PBXFileReference section */
		60C1259F15EE11D2000F9CAB /* FixMyStreet.app */ = {isa = PBXFileReference; explicitFileType = wrapper.application; includeInIndex = 0; path = FixMyStreet.app; sourceTree = BUILT_PRODUCTS_DIR; };
		60C125A315EE11D2000F9CAB /* UIKit.framework */ = {isa = PBXFileReference; lastKnownFileType = wrapper.framework; name = UIKit.framework; path = System/Library/Frameworks/UIKit.framework; sourceTree = SDKROOT; };
		60C125A515EE11D2000F9CAB /* Foundation.framework */ = {isa = PBXFileReference; lastKnownFileType = wrapper.framework; name = Foundation.framework; path = System/Library/Frameworks/Foundation.framework; sourceTree = SDKROOT; };
		60C125A715EE11D2000F9CAB /* CoreGraphics.framework */ = {isa = PBXFileReference; lastKnownFileType = wrapper.framework; name = CoreGraphics.framework; path = System/Library/Frameworks/CoreGraphics.framework; sourceTree = SDKROOT; };
		60C125AB15EE11D2000F9CAB /* FixMyStreet-Info.plist */ = {isa = PBXFileReference; lastKnownFileType = text.plist.xml; path = "FixMyStreet-Info.plist"; sourceTree = "<group>"; };
		60C125AD15EE11D2000F9CAB /* en */ = {isa = PBXFileReference; lastKnownFileType = text.plist.strings; name = en; path = en.lproj/InfoPlist.strings; sourceTree = "<group>"; };
		60C125AF15EE11D2000F9CAB /* main.m */ = {isa = PBXFileReference; lastKnownFileType = sourcecode.c.objc; path = main.m; sourceTree = "<group>"; };
		60C125B115EE11D2000F9CAB /* FixMyStreet-Prefix.pch */ = {isa = PBXFileReference; lastKnownFileType = sourcecode.c.h; path = "FixMyStreet-Prefix.pch"; sourceTree = "<group>"; };
		60C125B215EE11D2000F9CAB /* GRFXAppDelegate.h */ = {isa = PBXFileReference; lastKnownFileType = sourcecode.c.h; path = GRFXAppDelegate.h; sourceTree = "<group>"; };
		60C125B315EE11D2000F9CAB /* GRFXAppDelegate.m */ = {isa = PBXFileReference; lastKnownFileType = sourcecode.c.objc; path = GRFXAppDelegate.m; sourceTree = "<group>"; };
		60C125B615EE11D2000F9CAB /* en */ = {isa = PBXFileReference; lastKnownFileType = file.storyboard; name = en; path = en.lproj/MainStoryboard.storyboard; sourceTree = "<group>"; };
		60C125B815EE11D2000F9CAB /* GRFXViewController.h */ = {isa = PBXFileReference; lastKnownFileType = sourcecode.c.h; path = GRFXViewController.h; sourceTree = "<group>"; };
		60C125B915EE11D2000F9CAB /* GRFXViewController.m */ = {isa = PBXFileReference; lastKnownFileType = sourcecode.c.objc; path = GRFXViewController.m; sourceTree = "<group>"; };
		60C125C015EE11D2000F9CAB /* FixMyStreetTests.octest */ = {isa = PBXFileReference; explicitFileType = wrapper.cfbundle; includeInIndex = 0; path = FixMyStreetTests.octest; sourceTree = BUILT_PRODUCTS_DIR; };
		60C125C115EE11D2000F9CAB /* SenTestingKit.framework */ = {isa = PBXFileReference; lastKnownFileType = wrapper.framework; name = SenTestingKit.framework; path = Library/Frameworks/SenTestingKit.framework; sourceTree = DEVELOPER_DIR; };
		60C125C915EE11D2000F9CAB /* FixMyStreetTests-Info.plist */ = {isa = PBXFileReference; lastKnownFileType = text.plist.xml; path = "FixMyStreetTests-Info.plist"; sourceTree = "<group>"; };
		60C125CB15EE11D2000F9CAB /* en */ = {isa = PBXFileReference; lastKnownFileType = text.plist.strings; name = en; path = en.lproj/InfoPlist.strings; sourceTree = "<group>"; };
		60C125CD15EE11D2000F9CAB /* FixMyStreetTests.h */ = {isa = PBXFileReference; lastKnownFileType = sourcecode.c.h; path = FixMyStreetTests.h; sourceTree = "<group>"; };
		60C125CE15EE11D2000F9CAB /* FixMyStreetTests.m */ = {isa = PBXFileReference; lastKnownFileType = sourcecode.c.objc; path = FixMyStreetTests.m; sourceTree = "<group>"; };
/* End PBXFileReference section */

/* Begin PBXFrameworksBuildPhase section */
		60C1259C15EE11D2000F9CAB /* Frameworks */ = {
			isa = PBXFrameworksBuildPhase;
			buildActionMask = 2147483647;
			files = (
				60C125A415EE11D2000F9CAB /* UIKit.framework in Frameworks */,
				60C125A615EE11D2000F9CAB /* Foundation.framework in Frameworks */,
				60C125A815EE11D2000F9CAB /* CoreGraphics.framework in Frameworks */,
			);
			runOnlyForDeploymentPostprocessing = 0;
		};
		60C125BC15EE11D2000F9CAB /* Frameworks */ = {
			isa = PBXFrameworksBuildPhase;
			buildActionMask = 2147483647;
			files = (
				60C125C215EE11D2000F9CAB /* SenTestingKit.framework in Frameworks */,
				60C125C315EE11D2000F9CAB /* UIKit.framework in Frameworks */,
				60C125C415EE11D2000F9CAB /* Foundation.framework in Frameworks */,
			);
			runOnlyForDeploymentPostprocessing = 0;
		};
/* End PBXFrameworksBuildPhase section */

/* Begin PBXGroup section */
		60C1259415EE11D2000F9CAB = {
			isa = PBXGroup;
			children = (
				60C125A915EE11D2000F9CAB /* FixMyStreet */,
				60C125C715EE11D2000F9CAB /* FixMyStreetTests */,
				60C125A215EE11D2000F9CAB /* Frameworks */,
				60C125A015EE11D2000F9CAB /* Products */,
			);
			sourceTree = "<group>";
		};
		60C125A015EE11D2000F9CAB /* Products */ = {
			isa = PBXGroup;
			children = (
				60C1259F15EE11D2000F9CAB /* FixMyStreet.app */,
				60C125C015EE11D2000F9CAB /* FixMyStreetTests.octest */,
			);
			name = Products;
			sourceTree = "<group>";
		};
		60C125A215EE11D2000F9CAB /* Frameworks */ = {
			isa = PBXGroup;
			children = (
				60C125A315EE11D2000F9CAB /* UIKit.framework */,
				60C125A515EE11D2000F9CAB /* Foundation.framework */,
				60C125A715EE11D2000F9CAB /* CoreGraphics.framework */,
				60C125C115EE11D2000F9CAB /* SenTestingKit.framework */,
			);
			name = Frameworks;
			sourceTree = "<group>";
		};
		60C125A915EE11D2000F9CAB /* FixMyStreet */ = {
			isa = PBXGroup;
			children = (
				60C125B215EE11D2000F9CAB /* GRFXAppDelegate.h */,
				60C125B315EE11D2000F9CAB /* GRFXAppDelegate.m */,
				60C125B515EE11D2000F9CAB /* MainStoryboard.storyboard */,
				60C125B815EE11D2000F9CAB /* GRFXViewController.h */,
				60C125B915EE11D2000F9CAB /* GRFXViewController.m */,
				60C125AA15EE11D2000F9CAB /* Supporting Files */,
			);
			path = FixMyStreet;
			sourceTree = "<group>";
		};
		60C125AA15EE11D2000F9CAB /* Supporting Files */ = {
			isa = PBXGroup;
			children = (
				60C125AB15EE11D2000F9CAB /* FixMyStreet-Info.plist */,
				60C125AC15EE11D2000F9CAB /* InfoPlist.strings */,
				60C125AF15EE11D2000F9CAB /* main.m */,
				60C125B115EE11D2000F9CAB /* FixMyStreet-Prefix.pch */,
			);
			name = "Supporting Files";
			sourceTree = "<group>";
		};
		60C125C715EE11D2000F9CAB /* FixMyStreetTests */ = {
			isa = PBXGroup;
			children = (
				60C125CD15EE11D2000F9CAB /* FixMyStreetTests.h */,
				60C125CE15EE11D2000F9CAB /* FixMyStreetTests.m */,
				60C125C815EE11D2000F9CAB /* Supporting Files */,
			);
			path = FixMyStreetTests;
			sourceTree = "<group>";
		};
		60C125C815EE11D2000F9CAB /* Supporting Files */ = {
			isa = PBXGroup;
			children = (
				60C125C915EE11D2000F9CAB /* FixMyStreetTests-Info.plist */,
				60C125CA15EE11D2000F9CAB /* InfoPlist.strings */,
			);
			name = "Supporting Files";
			sourceTree = "<group>";
		};
/* End PBXGroup section */

/* Begin PBXNativeTarget section */
		60C1259E15EE11D2000F9CAB /* FixMyStreet */ = {
			isa = PBXNativeTarget;
			buildConfigurationList = 60C125D215EE11D2000F9CAB /* Build configuration list for PBXNativeTarget "FixMyStreet" */;
			buildPhases = (
				60C1259B15EE11D2000F9CAB /* Sources */,
				60C1259C15EE11D2000F9CAB /* Frameworks */,
				60C1259D15EE11D2000F9CAB /* Resources */,
			);
			buildRules = (
			);
			dependencies = (
			);
			name = FixMyStreet;
			productName = FixMyStreet;
			productReference = 60C1259F15EE11D2000F9CAB /* FixMyStreet.app */;
			productType = "com.apple.product-type.application";
		};
		60C125BF15EE11D2000F9CAB /* FixMyStreetTests */ = {
			isa = PBXNativeTarget;
			buildConfigurationList = 60C125D515EE11D2000F9CAB /* Build configuration list for PBXNativeTarget "FixMyStreetTests" */;
			buildPhases = (
				60C125BB15EE11D2000F9CAB /* Sources */,
				60C125BC15EE11D2000F9CAB /* Frameworks */,
				60C125BD15EE11D2000F9CAB /* Resources */,
				60C125BE15EE11D2000F9CAB /* ShellScript */,
			);
			buildRules = (
			);
			dependencies = (
				60C125C615EE11D2000F9CAB /* PBXTargetDependency */,
			);
			name = FixMyStreetTests;
			productName = FixMyStreetTests;
			productReference = 60C125C015EE11D2000F9CAB /* FixMyStreetTests.octest */;
			productType = "com.apple.product-type.bundle";
		};
/* End PBXNativeTarget section */

/* Begin PBXProject section */
		60C1259615EE11D2000F9CAB /* Project object */ = {
			isa = PBXProject;
			attributes = {
				CLASSPREFIX = GRFX;
				LastUpgradeCheck = 0440;
				ORGANIZATIONNAME = "Adilet Abylov";
			};
			buildConfigurationList = 60C1259915EE11D2000F9CAB /* Build configuration list for PBXProject "FixMyStreet" */;
			compatibilityVersion = "Xcode 3.2";
			developmentRegion = English;
			hasScannedForEncodings = 0;
			knownRegions = (
				en,
			);
			mainGroup = 60C1259415EE11D2000F9CAB;
			productRefGroup = 60C125A015EE11D2000F9CAB /* Products */;
			projectDirPath = "";
			projectRoot = "";
			targets = (
				60C1259E15EE11D2000F9CAB /* FixMyStreet */,
				60C125BF15EE11D2000F9CAB /* FixMyStreetTests */,
			);
		};
/* End PBXProject section */

/* Begin PBXResourcesBuildPhase section */
		60C1259D15EE11D2000F9CAB /* Resources */ = {
			isa = PBXResourcesBuildPhase;
			buildActionMask = 2147483647;
			files = (
				60C125AE15EE11D2000F9CAB /* InfoPlist.strings in Resources */,
				60C125B715EE11D2000F9CAB /* MainStoryboard.storyboard in Resources */,
			);
			runOnlyForDeploymentPostprocessing = 0;
		};
		60C125BD15EE11D2000F9CAB /* Resources */ = {
			isa = PBXResourcesBuildPhase;
			buildActionMask = 2147483647;
			files = (
				60C125CC15EE11D2000F9CAB /* InfoPlist.strings in Resources */,
			);
			runOnlyForDeploymentPostprocessing = 0;
		};
/* End PBXResourcesBuildPhase section */

/* Begin PBXShellScriptBuildPhase section */
		60C125BE15EE11D2000F9CAB /* ShellScript */ = {
			isa = PBXShellScriptBuildPhase;
			buildActionMask = 2147483647;
			files = (
			);
			inputPaths = (
			);
			outputPaths = (
			);
			runOnlyForDeploymentPostprocessing = 0;
			shellPath = /bin/sh;
			shellScript = "# Run the unit tests in this test bundle.\n\"${SYSTEM_DEVELOPER_DIR}/Tools/RunUnitTests\"\n";
		};
/* End PBXShellScriptBuildPhase section */

/* Begin PBXSourcesBuildPhase section */
		60C1259B15EE11D2000F9CAB /* Sources */ = {
			isa = PBXSourcesBuildPhase;
			buildActionMask = 2147483647;
			files = (
				60C125B015EE11D2000F9CAB /* main.m in Sources */,
				60C125B415EE11D2000F9CAB /* GRFXAppDelegate.m in Sources */,
				60C125BA15EE11D2000F9CAB /* GRFXViewController.m in Sources */,
			);
			runOnlyForDeploymentPostprocessing = 0;
		};
		60C125BB15EE11D2000F9CAB /* Sources */ = {
			isa = PBXSourcesBuildPhase;
			buildActionMask = 2147483647;
			files = (
				60C125CF15EE11D2000F9CAB /* FixMyStreetTests.m in Sources */,
			);
			runOnlyForDeploymentPostprocessing = 0;
		};
/* End PBXSourcesBuildPhase section */

/* Begin PBXTargetDependency section */
		60C125C615EE11D2000F9CAB /* PBXTargetDependency */ = {
			isa = PBXTargetDependency;
			target = 60C1259E15EE11D2000F9CAB /* FixMyStreet */;
			targetProxy = 60C125C515EE11D2000F9CAB /* PBXContainerItemProxy */;
		};
/* End PBXTargetDependency section */

/* Begin PBXVariantGroup section */
		60C125AC15EE11D2000F9CAB /* InfoPlist.strings */ = {
			isa = PBXVariantGroup;
			children = (
				60C125AD15EE11D2000F9CAB /* en */,
			);
			name = InfoPlist.strings;
			sourceTree = "<group>";
		};
		60C125B515EE11D2000F9CAB /* MainStoryboard.storyboard */ = {
			isa = PBXVariantGroup;
			children = (
				60C125B615EE11D2000F9CAB /* en */,
			);
			name = MainStoryboard.storyboard;
			sourceTree = "<group>";
		};
		60C125CA15EE11D2000F9CAB /* InfoPlist.strings */ = {
			isa = PBXVariantGroup;
			children = (
				60C125CB15EE11D2000F9CAB /* en */,
			);
			name = InfoPlist.strings;
			sourceTree = "<group>";
		};
/* End PBXVariantGroup section */

/* Begin XCBuildConfiguration section */
		60C125D015EE11D2000F9CAB /* Debug */ = {
			isa = XCBuildConfiguration;
			buildSettings = {
				ALWAYS_SEARCH_USER_PATHS = NO;
				ARCHS = "$(ARCHS_STANDARD_32_BIT)";
				CLANG_CXX_LANGUAGE_STANDARD = "gnu++0x";
				CLANG_ENABLE_OBJC_ARC = YES;
				CLANG_WARN__DUPLICATE_METHOD_MATCH = YES;
				"CODE_SIGN_IDENTITY[sdk=iphoneos*]" = "iPhone Developer";
				COPY_PHASE_STRIP = NO;
				GCC_C_LANGUAGE_STANDARD = gnu99;
				GCC_DYNAMIC_NO_PIC = NO;
				GCC_OPTIMIZATION_LEVEL = 0;
				GCC_PREPROCESSOR_DEFINITIONS = (
					"DEBUG=1",
					"$(inherited)",
				);
				GCC_SYMBOLS_PRIVATE_EXTERN = NO;
				GCC_VERSION = com.apple.compilers.llvm.clang.1_0;
				GCC_WARN_ABOUT_RETURN_TYPE = YES;
				GCC_WARN_UNINITIALIZED_AUTOS = YES;
				GCC_WARN_UNUSED_VARIABLE = YES;
				IPHONEOS_DEPLOYMENT_TARGET = 5.1;
				SDKROOT = iphoneos;
			};
			name = Debug;
		};
		60C125D115EE11D2000F9CAB /* Release */ = {
			isa = XCBuildConfiguration;
			buildSettings = {
				ALWAYS_SEARCH_USER_PATHS = NO;
				ARCHS = "$(ARCHS_STANDARD_32_BIT)";
				CLANG_CXX_LANGUAGE_STANDARD = "gnu++0x";
				CLANG_ENABLE_OBJC_ARC = YES;
				CLANG_WARN__DUPLICATE_METHOD_MATCH = YES;
				"CODE_SIGN_IDENTITY[sdk=iphoneos*]" = "iPhone Developer";
				COPY_PHASE_STRIP = YES;
				GCC_C_LANGUAGE_STANDARD = gnu99;
				GCC_VERSION = com.apple.compilers.llvm.clang.1_0;
				GCC_WARN_ABOUT_RETURN_TYPE = YES;
				GCC_WARN_UNINITIALIZED_AUTOS = YES;
				GCC_WARN_UNUSED_VARIABLE = YES;
				IPHONEOS_DEPLOYMENT_TARGET = 5.1;
				OTHER_CFLAGS = "-DNS_BLOCK_ASSERTIONS=1";
				SDKROOT = iphoneos;
				VALIDATE_PRODUCT = YES;
			};
			name = Release;
		};
		60C125D315EE11D2000F9CAB /* Debug */ = {
			isa = XCBuildConfiguration;
			buildSettings = {
				GCC_PRECOMPILE_PREFIX_HEADER = YES;
				GCC_PREFIX_HEADER = "FixMyStreet/FixMyStreet-Prefix.pch";
				INFOPLIST_FILE = "FixMyStreet/FixMyStreet-Info.plist";
				PRODUCT_NAME = "$(TARGET_NAME)";
				WRAPPER_EXTENSION = app;
			};
			name = Debug;
		};
		60C125D415EE11D2000F9CAB /* Release */ = {
			isa = XCBuildConfiguration;
			buildSettings = {
				GCC_PRECOMPILE_PREFIX_HEADER = YES;
				GCC_PREFIX_HEADER = "FixMyStreet/FixMyStreet-Prefix.pch";
				INFOPLIST_FILE = "FixMyStreet/FixMyStreet-Info.plist";
				PRODUCT_NAME = "$(TARGET_NAME)";
				WRAPPER_EXTENSION = app;
			};
			name = Release;
		};
		60C125D615EE11D2000F9CAB /* Debug */ = {
			isa = XCBuildConfiguration;
			buildSettings = {
				BUNDLE_LOADER = "$(BUILT_PRODUCTS_DIR)/FixMyStreet.app/FixMyStreet";
				FRAMEWORK_SEARCH_PATHS = (
					"\"$(SDKROOT)/Developer/Library/Frameworks\"",
					"\"$(DEVELOPER_LIBRARY_DIR)/Frameworks\"",
				);
				GCC_PRECOMPILE_PREFIX_HEADER = YES;
				GCC_PREFIX_HEADER = "FixMyStreet/FixMyStreet-Prefix.pch";
				INFOPLIST_FILE = "FixMyStreetTests/FixMyStreetTests-Info.plist";
				PRODUCT_NAME = "$(TARGET_NAME)";
				TEST_HOST = "$(BUNDLE_LOADER)";
				WRAPPER_EXTENSION = octest;
			};
			name = Debug;
		};
		60C125D715EE11D2000F9CAB /* Release */ = {
			isa = XCBuildConfiguration;
			buildSettings = {
				BUNDLE_LOADER = "$(BUILT_PRODUCTS_DIR)/FixMyStreet.app/FixMyStreet";
				FRAMEWORK_SEARCH_PATHS = (
					"\"$(SDKROOT)/Developer/Library/Frameworks\"",
					"\"$(DEVELOPER_LIBRARY_DIR)/Frameworks\"",
				);
				GCC_PRECOMPILE_PREFIX_HEADER = YES;
				GCC_PREFIX_HEADER = "FixMyStreet/FixMyStreet-Prefix.pch";
				INFOPLIST_FILE = "FixMyStreetTests/FixMyStreetTests-Info.plist";
				PRODUCT_NAME = "$(TARGET_NAME)";
				TEST_HOST = "$(BUNDLE_LOADER)";
				WRAPPER_EXTENSION = octest;
			};
			name = Release;
		};
/* End XCBuildConfiguration section */

/* Begin XCConfigurationList section */
		60C1259915EE11D2000F9CAB /* Build configuration list for PBXProject "FixMyStreet" */ = {
			isa = XCConfigurationList;
			buildConfigurations = (
				60C125D015EE11D2000F9CAB /* Debug */,
				60C125D115EE11D2000F9CAB /* Release */,
			);
			defaultConfigurationIsVisible = 0;
			defaultConfigurationName = Release;
		};
		60C125D215EE11D2000F9CAB /* Build configuration list for PBXNativeTarget "FixMyStreet" */ = {
			isa = XCConfigurationList;
			buildConfigurations = (
				60C125D315EE11D2000F9CAB /* Debug */,
				60C125D415EE11D2000F9CAB /* Release */,
			);
			defaultConfigurationIsVisible = 0;
		};
		60C125D515EE11D2000F9CAB /* Build configuration list for PBXNativeTarget "FixMyStreetTests" */ = {
			isa = XCConfigurationList;
			buildConfigurations = (
				60C125D615EE11D2000F9CAB /* Debug */,
				60C125D715EE11D2000F9CAB /* Release */,
			);
			defaultConfigurationIsVisible = 0;
		};
/* End XCConfigurationList section */
	};
	rootObject = 60C1259615EE11D2000F9CAB /* Project object */;
}
